{
  "nodes": {
    "flakeNimbleLib": {
      "inputs": {
        "nixpkgs": [
          "nixpkgs"
        ]
      },
      "locked": {
        "lastModified": 1662018438,
        "narHash": "sha256-QtNtU6+LX3Wokxf0zlFwKTFOcn6TeDjKQZ+DA9OYtvM=",
        "owner": "riinr",
        "repo": "nim-flakes-lib",
        "rev": "b1fe8340736e3a85d25c709ac3dfd82a55c03cbf",
        "type": "github"
      },
      "original": {
        "owner": "riinr",
        "ref": "master",
        "repo": "nim-flakes-lib",
        "type": "github"
      }
    },
    "nixpkgs": {
      "locked": {
        "lastModified": 1667199707,
        "narHash": "sha256-I2Js3Y7gUyVSEXPULHlBoRek4Lh85vnevdS6mdvDNLI=",
        "owner": "NixOS",
        "repo": "nixpkgs",
        "rev": "ced197be72099edcfa68ebed8b87af7b04851f45",
        "type": "github"
      },
      "original": {
        "id": "nixpkgs",
        "type": "indirect"
      }
    },
    "root": {
      "inputs": {
        "flakeNimbleLib": "flakeNimbleLib",
        "nixpkgs": "nixpkgs",
        "src-openal-master": "src-openal-master"
      }
    },
    "src-openal-master": {
      "flake": false,
      "locked": {
        "lastModified": 1633047003,
        "narHash": "sha256-OqtkLZ4VV9PE5UumtRAGDuuwHbrp8odEU0kXRzgSxOQ=",
        "owner": "treeform",
        "repo": "openal",
        "rev": "b07334f886039703a90a843eefaa14163e2e1dd7",
        "type": "github"
      },
      "original": {
        "owner": "treeform",
        "ref": "refs/heads/master",
        "repo": "openal",
        "type": "github"
      }
    }
  },
  "root": "root",
  "version": 7
}
